
Microsoft Visual Studio Solution File, Format Version 12.00
# Visual Studio Version 16
VisualStudioVersion = 16.0.29001.49
MinimumVisualStudioVersion = 10.0.40219.1
Project("{FAE04EC0-301F-11D3-BF4B-00C04F79EFBC}") = "EjercicioLibrerias", "EjercicioLibrerias\EjercicioLibrerias.csproj", "{12C0535A-911E-4EAE-961E-59712A74A419}"
EndProject
Global
	GlobalSection(SolutionConfigurationPlatforms) = preSolution
		Debug|Any CPU = Debug|Any CPU
		Release|Any CPU = Release|Any CPU
	EndGlobalSection
	GlobalSection(ProjectConfigurationPlatforms) = postSolution
		{12C0535A-911E-4EAE-961E-59712A74A419}.Debug|Any CPU.ActiveCfg = Debug|Any CPU
		{12C0535A-911E-4EAE-961E-59712A74A419}.Debug|Any CPU.Build.0 = Debug|Any CPU
		{12C0535A-911E-4EAE-961E-59712A74A419}.Release|Any CPU.ActiveCfg = Release|Any CPU
		{12C0535A-911E-4EAE-961E-59712A74A419}.Release|Any CPU.Build.0 = Release|Any CPU
	EndGlobalSection
	GlobalSection(SolutionProperties) = preSolution
		HideSolutionNode = FALSE
	EndGlobalSection
	GlobalSection(ExtensibilityGlobals) = postSolution
		SolutionGuid = {B14C456F-E8A6-40B6-82F4-0E69C9496191}
	EndGlobalSection
EndGlobal
